
Microsoft Visual Studio Solution File, Format Version 12.00
# Visual Studio Version 17
VisualStudioVersion = 17.1.32210.238
MinimumVisualStudioVersion = 10.0.40219.1
Project("{9A19103F-16F7-4668-BE54-9A1E7A4F7556}") = "Demo.Api", "Demo.Api\Demo.Api.csproj", "{6B99EAEB-8CE1-4A35-812D-1B50EF31DB5F}"
EndProject
Project("{9A19103F-16F7-4668-BE54-9A1E7A4F7556}") = "Demo.Application", "Demo.Application\Demo.Application.csproj", "{4975B156-7D15-4088-88D1-B2970ECA5D16}"
EndProject
Project("{9A19103F-16F7-4668-BE54-9A1E7A4F7556}") = "Demo.DataLayer", "Demo.DataLayer\Demo.DataLayer.csproj", "{D0FD89B7-4805-4099-9605-450BE8899908}"
EndProject
Project("{9A19103F-16F7-4668-BE54-9A1E7A4F7556}") = "Demo.Application.Implementation", "Demo.Application.Implementation\Demo.Application.Implementation.csproj", "{6CCB4FD3-373D-4537-BAF5-6DF623EEAAE2}"
EndProject
Project("{9A19103F-16F7-4668-BE54-9A1E7A4F7556}") = "Demo.Common", "Demo.Common\Demo.Common.csproj", "{AB2FCEC2-E95B-4497-9BF9-41627978CC89}"
EndProject
Project("{FAE04EC0-301F-11D3-BF4B-00C04F79EFBC}") = "Demo.UnitTests", "Demo.UnitTests\Demo.UnitTests.csproj", "{9BE80944-D23D-424D-8A52-D59DCDC3A98E}"
EndProject
Global
	GlobalSection(SolutionConfigurationPlatforms) = preSolution
		Debug|Any CPU = Debug|Any CPU
		Release|Any CPU = Release|Any CPU
	EndGlobalSection
	GlobalSection(ProjectConfigurationPlatforms) = postSolution
		{6B99EAEB-8CE1-4A35-812D-1B50EF31DB5F}.Debug|Any CPU.ActiveCfg = Debug|Any CPU
		{6B99EAEB-8CE1-4A35-812D-1B50EF31DB5F}.Debug|Any CPU.Build.0 = Debug|Any CPU
		{6B99EAEB-8CE1-4A35-812D-1B50EF31DB5F}.Release|Any CPU.ActiveCfg = Release|Any CPU
		{6B99EAEB-8CE1-4A35-812D-1B50EF31DB5F}.Release|Any CPU.Build.0 = Release|Any CPU
		{4975B156-7D15-4088-88D1-B2970ECA5D16}.Debug|Any CPU.ActiveCfg = Debug|Any CPU
		{4975B156-7D15-4088-88D1-B2970ECA5D16}.Debug|Any CPU.Build.0 = Debug|Any CPU
		{4975B156-7D15-4088-88D1-B2970ECA5D16}.Release|Any CPU.ActiveCfg = Release|Any CPU
		{4975B156-7D15-4088-88D1-B2970ECA5D16}.Release|Any CPU.Build.0 = Release|Any CPU
		{D0FD89B7-4805-4099-9605-450BE8899908}.Debug|Any CPU.ActiveCfg = Debug|Any CPU
		{D0FD89B7-4805-4099-9605-450BE8899908}.Debug|Any CPU.Build.0 = Debug|Any CPU
		{D0FD89B7-4805-4099-9605-450BE8899908}.Release|Any CPU.ActiveCfg = Release|Any CPU
		{D0FD89B7-4805-4099-9605-450BE8899908}.Release|Any CPU.Build.0 = Release|Any CPU
		{6CCB4FD3-373D-4537-BAF5-6DF623EEAAE2}.Debug|Any CPU.ActiveCfg = Debug|Any CPU
		{6CCB4FD3-373D-4537-BAF5-6DF623EEAAE2}.Debug|Any CPU.Build.0 = Debug|Any CPU
		{6CCB4FD3-373D-4537-BAF5-6DF623EEAAE2}.Release|Any CPU.ActiveCfg = Release|Any CPU
		{6CCB4FD3-373D-4537-BAF5-6DF623EEAAE2}.Release|Any CPU.Build.0 = Release|Any CPU
		{AB2FCEC2-E95B-4497-9BF9-41627978CC89}.Debug|Any CPU.ActiveCfg = Debug|Any CPU
		{AB2FCEC2-E95B-4497-9BF9-41627978CC89}.Debug|Any CPU.Build.0 = Debug|Any CPU
		{AB2FCEC2-E95B-4497-9BF9-41627978CC89}.Release|Any CPU.ActiveCfg = Release|Any CPU
		{AB2FCEC2-E95B-4497-9BF9-41627978CC89}.Release|Any CPU.Build.0 = Release|Any CPU
		{9BE80944-D23D-424D-8A52-D59DCDC3A98E}.Debug|Any CPU.ActiveCfg = Debug|Any CPU
		{9BE80944-D23D-424D-8A52-D59DCDC3A98E}.Debug|Any CPU.Build.0 = Debug|Any CPU
		{9BE80944-D23D-424D-8A52-D59DCDC3A98E}.Release|Any CPU.ActiveCfg = Release|Any CPU
		{9BE80944-D23D-424D-8A52-D59DCDC3A98E}.Release|Any CPU.Build.0 = Release|Any CPU
	EndGlobalSection
	GlobalSection(SolutionProperties) = preSolution
		HideSolutionNode = FALSE
	EndGlobalSection
	GlobalSection(ExtensibilityGlobals) = postSolution
		SolutionGuid = {D24E03FD-EF37-4C81-B87F-E6EC918C2793}
	EndGlobalSection
EndGlobal
